
Microsoft Visual Studio Solution File, Format Version 12.00
# Visual Studio Version 16
VisualStudioVersion = 16.0.31515.178
MinimumVisualStudioVersion = 10.0.40219.1
Project("{FAE04EC0-301F-11D3-BF4B-00C04F79EFBC}") = "MovableMap", "MovableMap.csproj", "{8CDC6E9B-DCCA-4A6A-8BDF-EC7B03523697}"
EndProject
Global
	GlobalSection(SolutionConfigurationPlatforms) = preSolution
		Debug|Any CPU = Debug|Any CPU
		Debug|x64 = Debug|x64
		Debug|x86 = Debug|x86
		Release|Any CPU = Release|Any CPU
		Release|x64 = Release|x64
		Release|x86 = Release|x86
	EndGlobalSection
	GlobalSection(ProjectConfigurationPlatforms) = postSolution
		{8CDC6E9B-DCCA-4A6A-8BDF-EC7B03523697}.Debug|Any CPU.ActiveCfg = Debug|Any CPU
		{8CDC6E9B-DCCA-4A6A-8BDF-EC7B03523697}.Debug|Any CPU.Build.0 = Debug|Any CPU
		{8CDC6E9B-DCCA-4A6A-8BDF-EC7B03523697}.Debug|x64.ActiveCfg = Debug|x64
		{8CDC6E9B-DCCA-4A6A-8BDF-EC7B03523697}.Debug|x64.Build.0 = Debug|x64
		{8CDC6E9B-DCCA-4A6A-8BDF-EC7B03523697}.Debug|x86.ActiveCfg = Debug|x86
		{8CDC6E9B-DCCA-4A6A-8BDF-EC7B03523697}.Debug|x86.Build.0 = Debug|x86
		{8CDC6E9B-DCCA-4A6A-8BDF-EC7B03523697}.Release|Any CPU.ActiveCfg = Release|Any CPU
		{8CDC6E9B-DCCA-4A6A-8BDF-EC7B03523697}.Release|Any CPU.Build.0 = Release|Any CPU
		{8CDC6E9B-DCCA-4A6A-8BDF-EC7B03523697}.Release|x64.ActiveCfg = Release|x64
		{8CDC6E9B-DCCA-4A6A-8BDF-EC7B03523697}.Release|x64.Build.0 = Release|x64
		{8CDC6E9B-DCCA-4A6A-8BDF-EC7B03523697}.Release|x86.ActiveCfg = Release|x86
		{8CDC6E9B-DCCA-4A6A-8BDF-EC7B03523697}.Release|x86.Build.0 = Release|x86
	EndGlobalSection
	GlobalSection(SolutionProperties) = preSolution
		HideSolutionNode = FALSE
	EndGlobalSection
	GlobalSection(ExtensibilityGlobals) = postSolution
		SolutionGuid = {6DE409CB-C102-464F-94C2-CE66A1885063}
	EndGlobalSection
EndGlobal
